
Microsoft Visual Studio Solution File, Format Version 12.00
# Visual Studio Version 17
VisualStudioVersion = 17.5.002.0
MinimumVisualStudioVersion = 10.0.40219.1
Project("{9A19103F-16F7-4668-BE54-9A1E7A4F7556}") = "Task1", "Task1\Task1.csproj", "{7BD2FC8E-E342-4AC2-AF42-0739D961623B}"
EndProject
Project("{FAE04EC0-301F-11D3-BF4B-00C04F79EFBC}") = "Task2", "Task2\Task2.csproj", "{7711EECD-34B2-45F4-B5BB-6D617016B2C9}"
EndProject
Global
	GlobalSection(SolutionConfigurationPlatforms) = preSolution
		Debug|Any CPU = Debug|Any CPU
		Release|Any CPU = Release|Any CPU
	EndGlobalSection
	GlobalSection(ProjectConfigurationPlatforms) = postSolution
		{7BD2FC8E-E342-4AC2-AF42-0739D961623B}.Debug|Any CPU.ActiveCfg = Debug|Any CPU
		{7BD2FC8E-E342-4AC2-AF42-0739D961623B}.Debug|Any CPU.Build.0 = Debug|Any CPU
		{7BD2FC8E-E342-4AC2-AF42-0739D961623B}.Release|Any CPU.ActiveCfg = Release|Any CPU
		{7BD2FC8E-E342-4AC2-AF42-0739D961623B}.Release|Any CPU.Build.0 = Release|Any CPU
		{7711EECD-34B2-45F4-B5BB-6D617016B2C9}.Debug|Any CPU.ActiveCfg = Debug|Any CPU
		{7711EECD-34B2-45F4-B5BB-6D617016B2C9}.Debug|Any CPU.Build.0 = Debug|Any CPU
		{7711EECD-34B2-45F4-B5BB-6D617016B2C9}.Release|Any CPU.ActiveCfg = Release|Any CPU
		{7711EECD-34B2-45F4-B5BB-6D617016B2C9}.Release|Any CPU.Build.0 = Release|Any CPU
	EndGlobalSection
	GlobalSection(SolutionProperties) = preSolution
		HideSolutionNode = FALSE
	EndGlobalSection
	GlobalSection(ExtensibilityGlobals) = postSolution
		SolutionGuid = {B432FF09-B3D5-4A9F-8B44-A39A6F38FB8A}
	EndGlobalSection
EndGlobal
